
Microsoft Visual Studio Solution File, Format Version 12.00
Project("{FAE04EC0-301F-11D3-BF4B-00C04F79EFBC}") = "Choco.Demo.AzureAppService.DeploymentSlot", "Choco.Demo.AzureAppService.DeploymentSlot\Choco.Demo.AzureAppService.DeploymentSlot.csproj", "{D08118B6-DD41-48F5-AE2C-91BC5C904720}"
EndProject
Global
	GlobalSection(SolutionConfigurationPlatforms) = preSolution
		Debug|Any CPU = Debug|Any CPU
		Release|Any CPU = Release|Any CPU
	EndGlobalSection
	GlobalSection(ProjectConfigurationPlatforms) = postSolution
		{D08118B6-DD41-48F5-AE2C-91BC5C904720}.Debug|Any CPU.ActiveCfg = Debug|Any CPU
		{D08118B6-DD41-48F5-AE2C-91BC5C904720}.Debug|Any CPU.Build.0 = Debug|Any CPU
		{D08118B6-DD41-48F5-AE2C-91BC5C904720}.Release|Any CPU.ActiveCfg = Release|Any CPU
		{D08118B6-DD41-48F5-AE2C-91BC5C904720}.Release|Any CPU.Build.0 = Release|Any CPU
	EndGlobalSection
EndGlobal
